
Microsoft Visual Studio Solution File, Format Version 12.00
# Visual Studio Version 16
VisualStudioVersion = 16.0.31729.503
MinimumVisualStudioVersion = 10.0.40219.1
Project("{FAE04EC0-301F-11D3-BF4B-00C04F79EFBC}") = "GS WPF App", "GS WPF App\GS WPF App.csproj", "{9BC12D36-9594-4D2E-8634-96B85A98E55B}"
EndProject
Global
	GlobalSection(SolutionConfigurationPlatforms) = preSolution
		Debug|Any CPU = Debug|Any CPU
		Release|Any CPU = Release|Any CPU
	EndGlobalSection
	GlobalSection(ProjectConfigurationPlatforms) = postSolution
		{9BC12D36-9594-4D2E-8634-96B85A98E55B}.Debug|Any CPU.ActiveCfg = Debug|Any CPU
		{9BC12D36-9594-4D2E-8634-96B85A98E55B}.Debug|Any CPU.Build.0 = Debug|Any CPU
		{9BC12D36-9594-4D2E-8634-96B85A98E55B}.Release|Any CPU.ActiveCfg = Release|Any CPU
		{9BC12D36-9594-4D2E-8634-96B85A98E55B}.Release|Any CPU.Build.0 = Release|Any CPU
	EndGlobalSection
	GlobalSection(SolutionProperties) = preSolution
		HideSolutionNode = FALSE
	EndGlobalSection
	GlobalSection(ExtensibilityGlobals) = postSolution
		SolutionGuid = {AF2BC5CE-BA29-43A8-B040-22D2D1FAFAB8}
	EndGlobalSection
EndGlobal
